<?xml version="1.0" encoding="utf-8"?>
<Project ToolsVersion="4.0" xmlns="http://schemas.microsoft.com/developer/msbuild/2003">
  <ItemGroup>
    <Filter Include="Source Files">
      <UniqueIdentifier>{4FC737F1-C7A5-4376-A066-2A32D752A2FF}</UniqueIdentifier>
      <Extensions>cpp;c;cc;cxx;def;odl;idl;hpj;bat;asm;asmx</Extensions>
    </Filter>
    <Filter Include="Header Files">
      <UniqueIdentifier>{93995380-89BD-4b04-88EB-625FBE52EBFB}</UniqueIdentifier>
      <Extensions>h;hh;hpp;hxx;hm;inl;inc;ipp;xsd</Extensions>
    </Filter>
    <Filter Include="Resource Files">
      <UniqueIdentifier>{67DA6AB6-F800-4c08-8B7A-83BB121AAD01}</UniqueIdentifier>
      <Extensions>rc;ico;cur;bmp;dlg;rc2;rct;bin;rgs;gif;jpg;jpeg;jpe;resx;tiff;tif;png;wav;mfcribbon-ms</Extensions>
    </Filter>
    <Filter Include="Resource Files\Shader">
      <UniqueIdentifier>{f7f25f6a-e08f-43ce-8984-1f3a1d3bd3b2}</UniqueIdentifier>
    </Filter>
    <Filter Include="Resource Files\SOIL2">
      <UniqueIdentifier>{adcbf058-d9d5-4a7f-bb06-6348c7bacde2}</UniqueIdentifier>
    </Filter>
  </ItemGroup>
  <ItemGroup>
    <ClCompile Include="Main.cpp">
      <Filter>Source Files</Filter>
    </ClCompile>
    <ClCompile Include="SOIL2\etc1_utils.c">
      <Filter>Resource Files\SOIL2</Filter>
    </ClCompile>
    <ClCompile Include="SOIL2\image_DXT.c">
      <Filter>Resource Files\SOIL2</Filter>
    </ClCompile>
    <ClCompile Include="SOIL2\image_helper.c">
      <Filter>Resource Files\SOIL2</Filter>
    </ClCompile>
    <ClCompile Include="SOIL2\SOIL2.c">
      <Filter>Resource Files\SOIL2</Filter>
    </ClCompile>
  </ItemGroup>
  <ItemGroup>
    <ClInclude Include="Camera.hpp">
      <Filter>Header Files</Filter>
    </ClInclude>
    <ClInclude Include="Object.hpp">
      <Filter>Header Files</Filter>
    </ClInclude>
    <ClInclude Include="Shader.hpp">
      <Filter>Header Files</Filter>
    </ClInclude>
    <ClInclude Include="Texture.hpp">
      <Filter>Header Files</Filter>
    </ClInclude>
    <ClInclude Include="Mesh.hpp">
      <Filter>Header Files</Filter>
    </ClInclude>
    <ClInclude Include="World.hpp">
      <Filter>Header Files</Filter>
    </ClInclude>
    <ClInclude Include="Light.hpp">
      <Filter>Header Files</Filter>
    </ClInclude>
    <ClInclude Include="SOIL2\etc1_utils.h">
      <Filter>Resource Files\SOIL2</Filter>
    </ClInclude>
    <ClInclude Include="SOIL2\image_DXT.h">
      <Filter>Resource Files\SOIL2</Filter>
    </ClInclude>
    <ClInclude Include="SOIL2\image_helper.h">
      <Filter>Resource Files\SOIL2</Filter>
    </ClInclude>
    <ClInclude Include="SOIL2\jo_jpeg.h">
      <Filter>Resource Files\SOIL2</Filter>
    </ClInclude>
    <ClInclude Include="SOIL2\pkm_helper.h">
      <Filter>Resource Files\SOIL2</Filter>
    </ClInclude>
    <ClInclude Include="SOIL2\pvr_helper.h">
      <Filter>Resource Files\SOIL2</Filter>
    </ClInclude>
    <ClInclude Include="SOIL2\SOIL2.h">
      <Filter>Resource Files\SOIL2</Filter>
    </ClInclude>
    <ClInclude Include="SOIL2\stb_image.h">
      <Filter>Resource Files\SOIL2</Filter>
    </ClInclude>
    <ClInclude Include="SOIL2\stb_image_write.h">
      <Filter>Resource Files\SOIL2</Filter>
    </ClInclude>
    <ClInclude Include="SOIL2\stbi_DDS.h">
      <Filter>Resource Files\SOIL2</Filter>
    </ClInclude>
    <ClInclude Include="SOIL2\stbi_DDS_c.h">
      <Filter>Resource Files\SOIL2</Filter>
    </ClInclude>
    <ClInclude Include="SOIL2\stbi_ext.h">
      <Filter>Resource Files\SOIL2</Filter>
    </ClInclude>
    <ClInclude Include="SOIL2\stbi_ext_c.h">
      <Filter>Resource Files\SOIL2</Filter>
    </ClInclude>
    <ClInclude Include="SOIL2\stbi_pkm.h">
      <Filter>Resource Files\SOIL2</Filter>
    </ClInclude>
    <ClInclude Include="SOIL2\stbi_pkm_c.h">
      <Filter>Resource Files\SOIL2</Filter>
    </ClInclude>
    <ClInclude Include="SOIL2\stbi_pvr.h">
      <Filter>Resource Files\SOIL2</Filter>
    </ClInclude>
    <ClInclude Include="SOIL2\stbi_pvr_c.h">
      <Filter>Resource Files\SOIL2</Filter>
    </ClInclude>
    <ClInclude Include="Time.hpp">
      <Filter>Header Files</Filter>
    </ClInclude>
    <ClInclude Include="InputProcessor.hpp">
      <Filter>Header Files</Filter>
    </ClInclude>
    <ClInclude Include="WindowManeger.hpp">
      <Filter>Header Files</Filter>
    </ClInclude>
    <ClInclude Include="ResourceManeger.hpp">
      <Filter>Header Files</Filter>
    </ClInclude>
    <ClInclude Include="Box_Project.hpp">
      <Filter>Header Files</Filter>
    </ClInclude>
  </ItemGroup>
  <ItemGroup>
    <None Include="res\shaders\object.frag">
      <Filter>Resource Files\Shader</Filter>
    </None>
    <None Include="res\shaders\object.vert">
      <Filter>Resource Files\Shader</Filter>
    </None>
  </ItemGroup>
</Project>